github.com/davecgh/go-spew v1.1.1 h1:vj9j/u1bqnvCEfJOwUhtlOARqs3+rkHYY13jYWTU97c=
github.com/docktermj/g2-sdk-go v0.0.0-20220620134953-ab8bde51840e h1:NGiUmiqOzgtxfpHgVfFifL4SFzXsNATUwSTL1tQU9Os=
github.com/docktermj/g2-sdk-go v0.0.0-20220620134953-ab8bde51840e/go.mod h1:Ry8GY29zotWLVq0W+gV0EMCdg2vOJaxfkFoxJJ2dumo=
github.com/docktermj/go-json-log-message v0.0.0-20220621012852-98bf4a26e37a h1:xfKaQ8cVQ9ccEu4QNrVKEPv4msCIC+A+E9RZP8E5Y50=
github.com/docktermj/go-json-log-message v0.0.0-20220621012852-98bf4a26e37a/go.mod h1:gdXcuyLQRwMLeRFBXdtprtwDxaLpVgxaTTqqQ6XD6bs=
github.com/docktermj/go-xyzzy-helpers v0.0.0-20220622023154-add3a7e9c9b8 h1:ghji2iXbBTx+8Aux7nMLqHp+AeB3qQmC4BbbmZTk2XY=
github.com/docktermj/go-xyzzy-helpers v0.0.0-20220622023154-add3a7e9c9b8/go.mod h1:0567EsOiegmDDE3f57dEWaxMHfDKk6qBAKoDMIjt6fY=
github.com/jstemmer/go-junit-report v1.0.0 h1:8X1gzZpR+nVQLAht+L/foqOeX2l9DTZoaIPbEQHxsds=
github.com/jstemmer/go-junit-report v1.0.0/go.mod h1:Brl9GWCQeLvo8nXZwPNNblvFj/XSXhF0NWZEnDohbsk=
github.com/pmezard/go-difflib v1.0.0 h1:4DBwDE0NGyQoBHbLQYPwSUPoCMWR5BEzIk/f1lZbAQM=
github.com/stretchr/testify v1.7.3 h1:dAm0YRdRQlWojc3CrCRgPBzG5f941d0zvAKu7qY4e+I=
gopkg.in/yaml.v3 v3.0.1 h1:fxVm/GzAzEWqLHuvctI91KS9hhNmmWOoWu0XTYJS7CA=
