github.com/davecgh/go-spew v1.1.1 h1:vj9j/u1bqnvCEfJOwUhtlOARqs3+rkHYY13jYWTU97c=
github.com/docktermj/go-json-log-message v0.0.0-20220619011214-a5b452091468 h1:ohxE4skp5Sn7RElferNkswyx7tF9HpsH1oDa8yRpncU=
github.com/docktermj/go-json-log-message v0.0.0-20220619011214-a5b452091468/go.mod h1:gdXcuyLQRwMLeRFBXdtprtwDxaLpVgxaTTqqQ6XD6bs=
github.com/docktermj/go-logger v0.0.0-20180222005940-453860557ae2 h1:zwgU6jxfKAm/Q6EzWcWix9Xg58irtXln11Vg7CLWxvM=
github.com/docktermj/go-logger v0.0.0-20180222005940-453860557ae2/go.mod h1:IHpQJZNrRQZVsVh2mL20r+mO0OQ3hFAfvv13n3aJq4s=
github.com/docktermj/xyzzygoapi v0.0.0-20220619233837-d9ea03bb5afb h1:UNfapeSTD3oE63xA2MCyEKDww0CW16pvnPm/jSeFDvw=
github.com/docktermj/xyzzygoapi v0.0.0-20220619233837-d9ea03bb5afb/go.mod h1:ZB2+m5zBhJNl+VtZ5q30cytKBwIdmxjJx2qepjB2Jyw=
github.com/jstemmer/go-junit-report v1.0.0 h1:8X1gzZpR+nVQLAht+L/foqOeX2l9DTZoaIPbEQHxsds=
github.com/jstemmer/go-junit-report v1.0.0/go.mod h1:Brl9GWCQeLvo8nXZwPNNblvFj/XSXhF0NWZEnDohbsk=
github.com/pmezard/go-difflib v1.0.0 h1:4DBwDE0NGyQoBHbLQYPwSUPoCMWR5BEzIk/f1lZbAQM=
github.com/stretchr/testify v1.7.2 h1:4jaiDzPyXQvSd7D0EjG45355tLlV3VOECpq10pLC+8s=
gopkg.in/yaml.v3 v3.0.1 h1:fxVm/GzAzEWqLHuvctI91KS9hhNmmWOoWu0XTYJS7CA=
